
Microsoft Visual Studio Solution File, Format Version 12.00
# Visual Studio 15
VisualStudioVersion = 15.0.28307.1340
MinimumVisualStudioVersion = 10.0.40219.1
Project("{FAE04EC0-301F-11D3-BF4B-00C04F79EFBC}") = "PrepTool", "PrepTool\PrepTool.csproj", "{B7536F3B-7378-4685-AC88-56BED9144E89}"
EndProject
Global
	GlobalSection(SolutionConfigurationPlatforms) = preSolution
		Debug|Any CPU = Debug|Any CPU
		Release|Any CPU = Release|Any CPU
	EndGlobalSection
	GlobalSection(ProjectConfigurationPlatforms) = postSolution
		{B7536F3B-7378-4685-AC88-56BED9144E89}.Debug|Any CPU.ActiveCfg = Debug|Any CPU
		{B7536F3B-7378-4685-AC88-56BED9144E89}.Debug|Any CPU.Build.0 = Debug|Any CPU
		{B7536F3B-7378-4685-AC88-56BED9144E89}.Release|Any CPU.ActiveCfg = Release|Any CPU
		{B7536F3B-7378-4685-AC88-56BED9144E89}.Release|Any CPU.Build.0 = Release|Any CPU
	EndGlobalSection
	GlobalSection(SolutionProperties) = preSolution
		HideSolutionNode = FALSE
	EndGlobalSection
	GlobalSection(ExtensibilityGlobals) = postSolution
		SolutionGuid = {2A86ABD8-C33D-4222-84DC-4273CB38EB28}
	EndGlobalSection
EndGlobal
